{
  "object": {
    "pins": [
      {
        "package": "Commander",
        "repositoryURL": "https://github.com/kylef/Commander",
        "state": {
          "branch": null,
          "revision": "dc97e80a1cf5df6c5768528f039c65ad8c564712",
          "version": "0.9.0"
        }
      },
      {
        "package": "Curry",
        "repositoryURL": "https://github.com/thoughtbot/Curry",
        "state": {
          "branch": null,
          "revision": "4331dd50bc1db007db664a23f32e6f3df93d4e1a",
          "version": "4.0.2"
        }
      },
      {
        "package": "FileCheck",
        "repositoryURL": "https://github.com/llvm-swift/FileCheck.git",
        "state": {
          "branch": null,
          "revision": "00945abac615e5203701be0f090ed0e2d2ff15bf",
          "version": "0.2.0"
        }
      },
      {
        "package": "LLexer",
        "repositoryURL": "https://github.com/FelixScat/LLexer",
        "state": {
          "branch": null,
          "revision": "6c9fa56373db6ffa2c49c6c3c304ad4eccc7b749",
          "version": "0.0.1"
        }
      },
      {
        "package": "Parser",
        "repositoryURL": "https://github.com/FelixScat/Parser",
        "state": {
          "branch": null,
          "revision": "dc7f90cce2714b4f8d9edd22ad5338df37b39014",
          "version": "0.0.1"
        }
      },
      {
        "package": "Rainbow",
        "repositoryURL": "https://github.com/onevcat/Rainbow.git",
        "state": {
          "branch": null,
          "revision": "9c52c1952e9b2305d4507cf473392ac2d7c9b155",
          "version": "3.1.5"
        }
      },
      {
        "package": "Runes",
        "repositoryURL": "https://github.com/thoughtbot/Runes",
        "state": {
          "branch": null,
          "revision": "23c7a67929cb5da3806df9abbf0bd6ede4df84a7",
          "version": "5.0.0"
        }
      },
      {
        "package": "Spectre",
        "repositoryURL": "https://github.com/kylef/Spectre.git",
        "state": {
          "branch": null,
          "revision": "f14ff47f45642aa5703900980b014c2e9394b6e5",
          "version": "0.9.0"
        }
      },
      {
        "package": "llbuild",
        "repositoryURL": "https://github.com/apple/swift-llbuild.git",
        "state": {
          "branch": null,
          "revision": "f1c9ad9a253cdf1aa89a7f5c99c30b4513b06ddb",
          "version": "0.1.1"
        }
      },
      {
        "package": "SwiftPM",
        "repositoryURL": "https://github.com/apple/swift-package-manager.git",
        "state": {
          "branch": null,
          "revision": "8656a25cb906c1896339f950ac960ee1b4fe8034",
          "version": "0.4.0"
        }
      },
      {
        "package": "SwiftCheck",
        "repositoryURL": "git@github.com:typelift/SwiftCheck.git",
        "state": {
          "branch": null,
          "revision": "077c096c3ddfc38db223ac8e525ad16ffb987138",
          "version": "0.12.0"
        }
      }
    ]
  },
  "version": 1
}
